
Microsoft Visual Studio Solution File, Format Version 12.00
# Visual Studio Version 17
VisualStudioVersion = 17.14.36203.30 d17.14
MinimumVisualStudioVersion = 10.0.40219.1
Project("{FAE04EC0-301F-11D3-BF4B-00C04F79EFBC}") = "acaoEducativa", "acaoEducativa\acaoEducativa.csproj", "{1AA0BD04-F46C-4185-AABD-9C1D54593A06}"
EndProject
Global
	GlobalSection(SolutionConfigurationPlatforms) = preSolution
		Debug|Any CPU = Debug|Any CPU
		Release|Any CPU = Release|Any CPU
	EndGlobalSection
	GlobalSection(ProjectConfigurationPlatforms) = postSolution
		{1AA0BD04-F46C-4185-AABD-9C1D54593A06}.Debug|Any CPU.ActiveCfg = Debug|Any CPU
		{1AA0BD04-F46C-4185-AABD-9C1D54593A06}.Debug|Any CPU.Build.0 = Debug|Any CPU
		{1AA0BD04-F46C-4185-AABD-9C1D54593A06}.Release|Any CPU.ActiveCfg = Release|Any CPU
		{1AA0BD04-F46C-4185-AABD-9C1D54593A06}.Release|Any CPU.Build.0 = Release|Any CPU
	EndGlobalSection
	GlobalSection(SolutionProperties) = preSolution
		HideSolutionNode = FALSE
	EndGlobalSection
	GlobalSection(ExtensibilityGlobals) = postSolution
		SolutionGuid = {88760902-6311-490C-BB66-4D87AD99CC9B}
	EndGlobalSection
EndGlobal
